// !$*UTF8*$!
{
	archiveVersion = 1;
	classes = {
	};
	objectVersion = 46;
	objects = {

/* Begin PBXBuildFile section */
		7987B1181D3333BE00DD3760 /* main.m in Sources */ = {isa = PBXBuildFile; fileRef = 7987B1171D3333BE00DD3760 /* main.m */; };
		7987B11B1D3333BE00DD3760 /* AppDelegate.m in Sources */ = {isa = PBXBuildFile; fileRef = 7987B11A1D3333BE00DD3760 /* AppDelegate.m */; };
		7987B11E1D3333BE00DD3760 /* ViewController.m in Sources */ = {isa = PBXBuildFile; fileRef = 7987B11D1D3333BE00DD3760 /* ViewController.m */; };
		7987B1211D3333BE00DD3760 /* Main.storyboard in Resources */ = {isa = PBXBuildFile; fileRef = 7987B11F1D3333BE00DD3760 /* Main.storyboard */; };
		7987B1231D3333BE00DD3760 /* Assets.xcassets in Resources */ = {isa = PBXBuildFile; fileRef = 7987B1221D3333BE00DD3760 /* Assets.xcassets */; };
		7987B1261D3333BE00DD3760 /* LaunchScreen.storyboard in Resources */ = {isa = PBXBuildFile; fileRef = 7987B1241D3333BE00DD3760 /* LaunchScreen.storyboard */; };
		7987B1311D3333BF00DD3760 /* PacketCTTests.m in Sources */ = {isa = PBXBuildFile; fileRef = 7987B1301D3333BF00DD3760 /* PacketCTTests.m */; };
		7987B13C1D3333BF00DD3760 /* PacketCTUITests.m in Sources */ = {isa = PBXBuildFile; fileRef = 7987B13B1D3333BF00DD3760 /* PacketCTUITests.m */; };
		7987B14B1D33340C00DD3760 /* CoreTextData.m in Sources */ = {isa = PBXBuildFile; fileRef = 7987B14A1D33340C00DD3760 /* CoreTextData.m */; };
		7987B14E1D33344900DD3760 /* CoreTextImageData.m in Sources */ = {isa = PBXBuildFile; fileRef = 7987B14D1D33344900DD3760 /* CoreTextImageData.m */; };
		7987B1511D33347E00DD3760 /* CoreTextLinkData.m in Sources */ = {isa = PBXBuildFile; fileRef = 7987B1501D33347E00DD3760 /* CoreTextLinkData.m */; };
		7987B1541D3334A900DD3760 /* CoreTextUtils.m in Sources */ = {isa = PBXBuildFile; fileRef = 7987B1531D3334A900DD3760 /* CoreTextUtils.m */; };
		7987B1571D3334E000DD3760 /* CTDisplayView.m in Sources */ = {isa = PBXBuildFile; fileRef = 7987B1561D3334E000DD3760 /* CTDisplayView.m */; };
		7987B15A1D33352800DD3760 /* CTFrameParser.m in Sources */ = {isa = PBXBuildFile; fileRef = 7987B1591D33352800DD3760 /* CTFrameParser.m */; };
		7987B15D1D33355F00DD3760 /* CTFrameParserConfig.m in Sources */ = {isa = PBXBuildFile; fileRef = 7987B15C1D33355F00DD3760 /* CTFrameParserConfig.m */; };
/* End PBXBuildFile section */

/* Begin PBXContainerItemProxy section */
		7987B12D1D3333BF00DD3760 /* PBXContainerItemProxy */ = {
			isa = PBXContainerItemProxy;
			containerPortal = 7987B10B1D3333BE00DD3760 /* Project object */;
			proxyType = 1;
			remoteGlobalIDString = 7987B1121D3333BE00DD3760;
			remoteInfo = PacketCT;
		};
		7987B1381D3333BF00DD3760 /* PBXContainerItemProxy */ = {
			isa = PBXContainerItemProxy;
			containerPortal = 7987B10B1D3333BE00DD3760 /* Project object */;
			proxyType = 1;
			remoteGlobalIDString = 7987B1121D3333BE00DD3760;
			remoteInfo = PacketCT;
		};
/* End PBXContainerItemProxy section */

/* Begin PBXFileReference section */
		7987B1131D3333BE00DD3760 /* PacketCT.app */ = {isa = PBXFileReference; explicitFileType = wrapper.application; includeInIndex = 0; path = PacketCT.app; sourceTree = BUILT_PRODUCTS_DIR; };
		7987B1171D3333BE00DD3760 /* main.m */ = {isa = PBXFileReference; lastKnownFileType = sourcecode.c.objc; path = main.m; sourceTree = "<group>"; };
		7987B1191D3333BE00DD3760 /* AppDelegate.h */ = {isa = PBXFileReference; lastKnownFileType = sourcecode.c.h; path = AppDelegate.h; sourceTree = "<group>"; };
		7987B11A1D3333BE00DD3760 /* AppDelegate.m */ = {isa = PBXFileReference; lastKnownFileType = sourcecode.c.objc; path = AppDelegate.m; sourceTree = "<group>"; };
		7987B11C1D3333BE00DD3760 /* ViewController.h */ = {isa = PBXFileReference; lastKnownFileType = sourcecode.c.h; path = ViewController.h; sourceTree = "<group>"; };
		7987B11D1D3333BE00DD3760 /* ViewController.m */ = {isa = PBXFileReference; lastKnownFileType = sourcecode.c.objc; path = ViewController.m; sourceTree = "<group>"; };
		7987B1201D3333BE00DD3760 /* Base */ = {isa = PBXFileReference; lastKnownFileType = file.storyboard; name = Base; path = Base.lproj/Main.storyboard; sourceTree = "<group>"; };
		7987B1221D3333BE00DD3760 /* Assets.xcassets */ = {isa = PBXFileReference; lastKnownFileType = folder.assetcatalog; path = Assets.xcassets; sourceTree = "<group>"; };
		7987B1251D3333BE00DD3760 /* Base */ = {isa = PBXFileReference; lastKnownFileType = file.storyboard; name = Base; path = Base.lproj/LaunchScreen.storyboard; sourceTree = "<group>"; };
		7987B1271D3333BE00DD3760 /* Info.plist */ = {isa = PBXFileReference; lastKnownFileType = text.plist.xml; path = Info.plist; sourceTree = "<group>"; };
		7987B12C1D3333BF00DD3760 /* PacketCTTests.xctest */ = {isa = PBXFileReference; explicitFileType = wrapper.cfbundle; includeInIndex = 0; path = PacketCTTests.xctest; sourceTree = BUILT_PRODUCTS_DIR; };
		7987B1301D3333BF00DD3760 /* PacketCTTests.m */ = {isa = PBXFileReference; lastKnownFileType = sourcecode.c.objc; path = PacketCTTests.m; sourceTree = "<group>"; };
		7987B1321D3333BF00DD3760 /* Info.plist */ = {isa = PBXFileReference; lastKnownFileType = text.plist.xml; path = Info.plist; sourceTree = "<group>"; };
		7987B1371D3333BF00DD3760 /* PacketCTUITests.xctest */ = {isa = PBXFileReference; explicitFileType = wrapper.cfbundle; includeInIndex = 0; path = PacketCTUITests.xctest; sourceTree = BUILT_PRODUCTS_DIR; };
		7987B13B1D3333BF00DD3760 /* PacketCTUITests.m */ = {isa = PBXFileReference; lastKnownFileType = sourcecode.c.objc; path = PacketCTUITests.m; sourceTree = "<group>"; };
		7987B13D1D3333BF00DD3760 /* Info.plist */ = {isa = PBXFileReference; lastKnownFileType = text.plist.xml; path = Info.plist; sourceTree = "<group>"; };
		7987B1491D33340C00DD3760 /* CoreTextData.h */ = {isa = PBXFileReference; fileEncoding = 4; lastKnownFileType = sourcecode.c.h; path = CoreTextData.h; sourceTree = "<group>"; };
		7987B14A1D33340C00DD3760 /* CoreTextData.m */ = {isa = PBXFileReference; fileEncoding = 4; lastKnownFileType = sourcecode.c.objc; path = CoreTextData.m; sourceTree = "<group>"; };
		7987B14C1D33344900DD3760 /* CoreTextImageData.h */ = {isa = PBXFileReference; fileEncoding = 4; lastKnownFileType = sourcecode.c.h; path = CoreTextImageData.h; sourceTree = "<group>"; };
		7987B14D1D33344900DD3760 /* CoreTextImageData.m */ = {isa = PBXFileReference; fileEncoding = 4; lastKnownFileType = sourcecode.c.objc; path = CoreTextImageData.m; sourceTree = "<group>"; };
		7987B14F1D33347E00DD3760 /* CoreTextLinkData.h */ = {isa = PBXFileReference; fileEncoding = 4; lastKnownFileType = sourcecode.c.h; path = CoreTextLinkData.h; sourceTree = "<group>"; };
		7987B1501D33347E00DD3760 /* CoreTextLinkData.m */ = {isa = PBXFileReference; fileEncoding = 4; lastKnownFileType = sourcecode.c.objc; path = CoreTextLinkData.m; sourceTree = "<group>"; };
		7987B1521D3334A900DD3760 /* CoreTextUtils.h */ = {isa = PBXFileReference; fileEncoding = 4; lastKnownFileType = sourcecode.c.h; path = CoreTextUtils.h; sourceTree = "<group>"; };
		7987B1531D3334A900DD3760 /* CoreTextUtils.m */ = {isa = PBXFileReference; fileEncoding = 4; lastKnownFileType = sourcecode.c.objc; path = CoreTextUtils.m; sourceTree = "<group>"; };
		7987B1551D3334E000DD3760 /* CTDisplayView.h */ = {isa = PBXFileReference; fileEncoding = 4; lastKnownFileType = sourcecode.c.h; path = CTDisplayView.h; sourceTree = "<group>"; };
		7987B1561D3334E000DD3760 /* CTDisplayView.m */ = {isa = PBXFileReference; fileEncoding = 4; lastKnownFileType = sourcecode.c.objc; path = CTDisplayView.m; sourceTree = "<group>"; };
		7987B1581D33352800DD3760 /* CTFrameParser.h */ = {isa = PBXFileReference; fileEncoding = 4; lastKnownFileType = sourcecode.c.h; path = CTFrameParser.h; sourceTree = "<group>"; };
		7987B1591D33352800DD3760 /* CTFrameParser.m */ = {isa = PBXFileReference; fileEncoding = 4; lastKnownFileType = sourcecode.c.objc; path = CTFrameParser.m; sourceTree = "<group>"; };
		7987B15B1D33355F00DD3760 /* CTFrameParserConfig.h */ = {isa = PBXFileReference; fileEncoding = 4; lastKnownFileType = sourcecode.c.h; path = CTFrameParserConfig.h; sourceTree = "<group>"; };
		7987B15C1D33355F00DD3760 /* CTFrameParserConfig.m */ = {isa = PBXFileReference; fileEncoding = 4; lastKnownFileType = sourcecode.c.objc; path = CTFrameParserConfig.m; sourceTree = "<group>"; };
/* End PBXFileReference section */

/* Begin PBXFrameworksBuildPhase section */
		7987B1101D3333BE00DD3760 /* Frameworks */ = {
			isa = PBXFrameworksBuildPhase;
			buildActionMask = 2147483647;
			files = (
			);
			runOnlyForDeploymentPostprocessing = 0;
		};
		7987B1291D3333BF00DD3760 /* Frameworks */ = {
			isa = PBXFrameworksBuildPhase;
			buildActionMask = 2147483647;
			files = (
			);
			runOnlyForDeploymentPostprocessing = 0;
		};
		7987B1341D3333BF00DD3760 /* Frameworks */ = {
			isa = PBXFrameworksBuildPhase;
			buildActionMask = 2147483647;
			files = (
			);
			runOnlyForDeploymentPostprocessing = 0;
		};
/* End PBXFrameworksBuildPhase section */

/* Begin PBXGroup section */
		7987B10A1D3333BE00DD3760 = {
			isa = PBXGroup;
			children = (
				7987B1151D3333BE00DD3760 /* PacketCT */,
				7987B12F1D3333BF00DD3760 /* PacketCTTests */,
				7987B13A1D3333BF00DD3760 /* PacketCTUITests */,
				7987B1141D3333BE00DD3760 /* Products */,
			);
			sourceTree = "<group>";
		};
		7987B1141D3333BE00DD3760 /* Products */ = {
			isa = PBXGroup;
			children = (
				7987B1131D3333BE00DD3760 /* PacketCT.app */,
				7987B12C1D3333BF00DD3760 /* PacketCTTests.xctest */,
				7987B1371D3333BF00DD3760 /* PacketCTUITests.xctest */,
			);
			name = Products;
			sourceTree = "<group>";
		};
		7987B1151D3333BE00DD3760 /* PacketCT */ = {
			isa = PBXGroup;
			children = (
				7987B1191D3333BE00DD3760 /* AppDelegate.h */,
				7987B11A1D3333BE00DD3760 /* AppDelegate.m */,
				7987B11C1D3333BE00DD3760 /* ViewController.h */,
				7987B11D1D3333BE00DD3760 /* ViewController.m */,
				7987B11F1D3333BE00DD3760 /* Main.storyboard */,
				7987B1221D3333BE00DD3760 /* Assets.xcassets */,
				7987B1241D3333BE00DD3760 /* LaunchScreen.storyboard */,
				7987B1271D3333BE00DD3760 /* Info.plist */,
				7987B1161D3333BE00DD3760 /* Supporting Files */,
				7987B1491D33340C00DD3760 /* CoreTextData.h */,
				7987B14A1D33340C00DD3760 /* CoreTextData.m */,
				7987B14C1D33344900DD3760 /* CoreTextImageData.h */,
				7987B14D1D33344900DD3760 /* CoreTextImageData.m */,
				7987B14F1D33347E00DD3760 /* CoreTextLinkData.h */,
				7987B1501D33347E00DD3760 /* CoreTextLinkData.m */,
				7987B1521D3334A900DD3760 /* CoreTextUtils.h */,
				7987B1531D3334A900DD3760 /* CoreTextUtils.m */,
				7987B1551D3334E000DD3760 /* CTDisplayView.h */,
				7987B1561D3334E000DD3760 /* CTDisplayView.m */,
				7987B1581D33352800DD3760 /* CTFrameParser.h */,
				7987B1591D33352800DD3760 /* CTFrameParser.m */,
				7987B15B1D33355F00DD3760 /* CTFrameParserConfig.h */,
				7987B15C1D33355F00DD3760 /* CTFrameParserConfig.m */,
			);
			path = PacketCT;
			sourceTree = "<group>";
		};
		7987B1161D3333BE00DD3760 /* Supporting Files */ = {
			isa = PBXGroup;
			children = (
				7987B1171D3333BE00DD3760 /* main.m */,
			);
			name = "Supporting Files";
			sourceTree = "<group>";
		};
		7987B12F1D3333BF00DD3760 /* PacketCTTests */ = {
			isa = PBXGroup;
			children = (
				7987B1301D3333BF00DD3760 /* PacketCTTests.m */,
				7987B1321D3333BF00DD3760 /* Info.plist */,
			);
			path = PacketCTTests;
			sourceTree = "<group>";
		};
		7987B13A1D3333BF00DD3760 /* PacketCTUITests */ = {
			isa = PBXGroup;
			children = (
				7987B13B1D3333BF00DD3760 /* PacketCTUITests.m */,
				7987B13D1D3333BF00DD3760 /* Info.plist */,
			);
			path = PacketCTUITests;
			sourceTree = "<group>";
		};
/* End PBXGroup section */

/* Begin PBXNativeTarget section */
		7987B1121D3333BE00DD3760 /* PacketCT */ = {
			isa = PBXNativeTarget;
			buildConfigurationList = 7987B1401D3333BF00DD3760 /* Build configuration list for PBXNativeTarget "PacketCT" */;
			buildPhases = (
				7987B10F1D3333BE00DD3760 /* Sources */,
				7987B1101D3333BE00DD3760 /* Frameworks */,
				7987B1111D3333BE00DD3760 /* Resources */,
			);
			buildRules = (
			);
			dependencies = (
			);
			name = PacketCT;
			productName = PacketCT;
			productReference = 7987B1131D3333BE00DD3760 /* PacketCT.app */;
			productType = "com.apple.product-type.application";
		};
		7987B12B1D3333BF00DD3760 /* PacketCTTests */ = {
			isa = PBXNativeTarget;
			buildConfigurationList = 7987B1431D3333BF00DD3760 /* Build configuration list for PBXNativeTarget "PacketCTTests" */;
			buildPhases = (
				7987B1281D3333BF00DD3760 /* Sources */,
				7987B1291D3333BF00DD3760 /* Frameworks */,
				7987B12A1D3333BF00DD3760 /* Resources */,
			);
			buildRules = (
			);
			dependencies = (
				7987B12E1D3333BF00DD3760 /* PBXTargetDependency */,
			);
			name = PacketCTTests;
			productName = PacketCTTests;
			productReference = 7987B12C1D3333BF00DD3760 /* PacketCTTests.xctest */;
			productType = "com.apple.product-type.bundle.unit-test";
		};
		7987B1361D3333BF00DD3760 /* PacketCTUITests */ = {
			isa = PBXNativeTarget;
			buildConfigurationList = 7987B1461D3333BF00DD3760 /* Build configuration list for PBXNativeTarget "PacketCTUITests" */;
			buildPhases = (
				7987B1331D3333BF00DD3760 /* Sources */,
				7987B1341D3333BF00DD3760 /* Frameworks */,
				7987B1351D3333BF00DD3760 /* Resources */,
			);
			buildRules = (
			);
			dependencies = (
				7987B1391D3333BF00DD3760 /* PBXTargetDependency */,
			);
			name = PacketCTUITests;
			productName = PacketCTUITests;
			productReference = 7987B1371D3333BF00DD3760 /* PacketCTUITests.xctest */;
			productType = "com.apple.product-type.bundle.ui-testing";
		};
/* End PBXNativeTarget section */

/* Begin PBXProject section */
		7987B10B1D3333BE00DD3760 /* Project object */ = {
			isa = PBXProject;
			attributes = {
				LastUpgradeCheck = 0720;
				ORGANIZATIONNAME = "张晨晨";
				TargetAttributes = {
					7987B1121D3333BE00DD3760 = {
						CreatedOnToolsVersion = 7.2.1;
					};
					7987B12B1D3333BF00DD3760 = {
						CreatedOnToolsVersion = 7.2.1;
						TestTargetID = 7987B1121D3333BE00DD3760;
					};
					7987B1361D3333BF00DD3760 = {
						CreatedOnToolsVersion = 7.2.1;
						TestTargetID = 7987B1121D3333BE00DD3760;
					};
				};
			};
			buildConfigurationList = 7987B10E1D3333BE00DD3760 /* Build configuration list for PBXProject "PacketCT" */;
			compatibilityVersion = "Xcode 3.2";
			developmentRegion = English;
			hasScannedForEncodings = 0;
			knownRegions = (
				en,
				Base,
			);
			mainGroup = 7987B10A1D3333BE00DD3760;
			productRefGroup = 7987B1141D3333BE00DD3760 /* Products */;
			projectDirPath = "";
			projectRoot = "";
			targets = (
				7987B1121D3333BE00DD3760 /* PacketCT */,
				7987B12B1D3333BF00DD3760 /* PacketCTTests */,
				7987B1361D3333BF00DD3760 /* PacketCTUITests */,
			);
		};
/* End PBXProject section */

/* Begin PBXResourcesBuildPhase section */
		7987B1111D3333BE00DD3760 /* Resources */ = {
			isa = PBXResourcesBuildPhase;
			buildActionMask = 2147483647;
			files = (
				7987B1261D3333BE00DD3760 /* LaunchScreen.storyboard in Resources */,
				7987B1231D3333BE00DD3760 /* Assets.xcassets in Resources */,
				7987B1211D3333BE00DD3760 /* Main.storyboard in Resources */,
			);
			runOnlyForDeploymentPostprocessing = 0;
		};
		7987B12A1D3333BF00DD3760 /* Resources */ = {
			isa = PBXResourcesBuildPhase;
			buildActionMask = 2147483647;
			files = (
			);
			runOnlyForDeploymentPostprocessing = 0;
		};
		7987B1351D3333BF00DD3760 /* Resources */ = {
			isa = PBXResourcesBuildPhase;
			buildActionMask = 2147483647;
			files = (
			);
			runOnlyForDeploymentPostprocessing = 0;
		};
/* End PBXResourcesBuildPhase section */

/* Begin PBXSourcesBuildPhase section */
		7987B10F1D3333BE00DD3760 /* Sources */ = {
			isa = PBXSourcesBuildPhase;
			buildActionMask = 2147483647;
			files = (
				7987B11E1D3333BE00DD3760 /* ViewController.m in Sources */,
				7987B1541D3334A900DD3760 /* CoreTextUtils.m in Sources */,
				7987B1571D3334E000DD3760 /* CTDisplayView.m in Sources */,
				7987B15D1D33355F00DD3760 /* CTFrameParserConfig.m in Sources */,
				7987B14E1D33344900DD3760 /* CoreTextImageData.m in Sources */,
				7987B14B1D33340C00DD3760 /* CoreTextData.m in Sources */,
				7987B11B1D3333BE00DD3760 /* AppDelegate.m in Sources */,
				7987B1181D3333BE00DD3760 /* main.m in Sources */,
				7987B1511D33347E00DD3760 /* CoreTextLinkData.m in Sources */,
				7987B15A1D33352800DD3760 /* CTFrameParser.m in Sources */,
			);
			runOnlyForDeploymentPostprocessing = 0;
		};
		7987B1281D3333BF00DD3760 /* Sources */ = {
			isa = PBXSourcesBuildPhase;
			buildActionMask = 2147483647;
			files = (
				7987B1311D3333BF00DD3760 /* PacketCTTests.m in Sources */,
			);
			runOnlyForDeploymentPostprocessing = 0;
		};
		7987B1331D3333BF00DD3760 /* Sources */ = {
			isa = PBXSourcesBuildPhase;
			buildActionMask = 2147483647;
			files = (
				7987B13C1D3333BF00DD3760 /* PacketCTUITests.m in Sources */,
			);
			runOnlyForDeploymentPostprocessing = 0;
		};
/* End PBXSourcesBuildPhase section */

/* Begin PBXTargetDependency section */
		7987B12E1D3333BF00DD3760 /* PBXTargetDependency */ = {
			isa = PBXTargetDependency;
			target = 7987B1121D3333BE00DD3760 /* PacketCT */;
			targetProxy = 7987B12D1D3333BF00DD3760 /* PBXContainerItemProxy */;
		};
		7987B1391D3333BF00DD3760 /* PBXTargetDependency */ = {
			isa = PBXTargetDependency;
			target = 7987B1121D3333BE00DD3760 /* PacketCT */;
			targetProxy = 7987B1381D3333BF00DD3760 /* PBXContainerItemProxy */;
		};
/* End PBXTargetDependency section */

/* Begin PBXVariantGroup section */
		7987B11F1D3333BE00DD3760 /* Main.storyboard */ = {
			isa = PBXVariantGroup;
			children = (
				7987B1201D3333BE00DD3760 /* Base */,
			);
			name = Main.storyboard;
			sourceTree = "<group>";
		};
		7987B1241D3333BE00DD3760 /* LaunchScreen.storyboard */ = {
			isa = PBXVariantGroup;
			children = (
				7987B1251D3333BE00DD3760 /* Base */,
			);
			name = LaunchScreen.storyboard;
			sourceTree = "<group>";
		};
/* End PBXVariantGroup section */

/* Begin XCBuildConfiguration section */
		7987B13E1D3333BF00DD3760 /* Debug */ = {
			isa = XCBuildConfiguration;
			buildSettings = {
				ALWAYS_SEARCH_USER_PATHS = NO;
				CLANG_CXX_LANGUAGE_STANDARD = "gnu++0x";
				CLANG_CXX_LIBRARY = "libc++";
				CLANG_ENABLE_MODULES = YES;
				CLANG_ENABLE_OBJC_ARC = YES;
				CLANG_WARN_BOOL_CONVERSION = YES;
				CLANG_WARN_CONSTANT_CONVERSION = YES;
				CLANG_WARN_DIRECT_OBJC_ISA_USAGE = YES_ERROR;
				CLANG_WARN_EMPTY_BODY = YES;
				CLANG_WARN_ENUM_CONVERSION = YES;
				CLANG_WARN_INT_CONVERSION = YES;
				CLANG_WARN_OBJC_ROOT_CLASS = YES_ERROR;
				CLANG_WARN_UNREACHABLE_CODE = YES;
				CLANG_WARN__DUPLICATE_METHOD_MATCH = YES;
				"CODE_SIGN_IDENTITY[sdk=iphoneos*]" = "iPhone Developer";
				COPY_PHASE_STRIP = NO;
				DEBUG_INFORMATION_FORMAT = dwarf;
				ENABLE_STRICT_OBJC_MSGSEND = YES;
				ENABLE_TESTABILITY = YES;
				GCC_C_LANGUAGE_STANDARD = gnu99;
				GCC_DYNAMIC_NO_PIC = NO;
				GCC_NO_COMMON_BLOCKS = YES;
				GCC_OPTIMIZATION_LEVEL = 0;
				GCC_PREPROCESSOR_DEFINITIONS = (
					"DEBUG=1",
					"$(inherited)",
				);
				GCC_WARN_64_TO_32_BIT_CONVERSION = YES;
				GCC_WARN_ABOUT_RETURN_TYPE = YES_ERROR;
				GCC_WARN_UNDECLARED_SELECTOR = YES;
				GCC_WARN_UNINITIALIZED_AUTOS = YES_AGGRESSIVE;
				GCC_WARN_UNUSED_FUNCTION = YES;
				GCC_WARN_UNUSED_VARIABLE = YES;
				IPHONEOS_DEPLOYMENT_TARGET = 9.2;
				MTL_ENABLE_DEBUG_INFO = YES;
				ONLY_ACTIVE_ARCH = YES;
				SDKROOT = iphoneos;
				TARGETED_DEVICE_FAMILY = "1,2";
			};
			name = Debug;
		};
		7987B13F1D3333BF00DD3760 /* Release */ = {
			isa = XCBuildConfiguration;
			buildSettings = {
				ALWAYS_SEARCH_USER_PATHS = NO;
				CLANG_CXX_LANGUAGE_STANDARD = "gnu++0x";
				CLANG_CXX_LIBRARY = "libc++";
				CLANG_ENABLE_MODULES = YES;
				CLANG_ENABLE_OBJC_ARC = YES;
				CLANG_WARN_BOOL_CONVERSION = YES;
				CLANG_WARN_CONSTANT_CONVERSION = YES;
				CLANG_WARN_DIRECT_OBJC_ISA_USAGE = YES_ERROR;
				CLANG_WARN_EMPTY_BODY = YES;
				CLANG_WARN_ENUM_CONVERSION = YES;
				CLANG_WARN_INT_CONVERSION = YES;
				CLANG_WARN_OBJC_ROOT_CLASS = YES_ERROR;
				CLANG_WARN_UNREACHABLE_CODE = YES;
				CLANG_WARN__DUPLICATE_METHOD_MATCH = YES;
				"CODE_SIGN_IDENTITY[sdk=iphoneos*]" = "iPhone Developer";
				COPY_PHASE_STRIP = NO;
				DEBUG_INFORMATION_FORMAT = "dwarf-with-dsym";
				ENABLE_NS_ASSERTIONS = NO;
				ENABLE_STRICT_OBJC_MSGSEND = YES;
				GCC_C_LANGUAGE_STANDARD = gnu99;
				GCC_NO_COMMON_BLOCKS = YES;
				GCC_WARN_64_TO_32_BIT_CONVERSION = YES;
				GCC_WARN_ABOUT_RETURN_TYPE = YES_ERROR;
				GCC_WARN_UNDECLARED_SELECTOR = YES;
				GCC_WARN_UNINITIALIZED_AUTOS = YES_AGGRESSIVE;
				GCC_WARN_UNUSED_FUNCTION = YES;
				GCC_WARN_UNUSED_VARIABLE = YES;
				IPHONEOS_DEPLOYMENT_TARGET = 9.2;
				MTL_ENABLE_DEBUG_INFO = NO;
				SDKROOT = iphoneos;
				TARGETED_DEVICE_FAMILY = "1,2";
				VALIDATE_PRODUCT = YES;
			};
			name = Release;
		};
		7987B1411D3333BF00DD3760 /* Debug */ = {
			isa = XCBuildConfiguration;
			buildSettings = {
				ASSETCATALOG_COMPILER_APPICON_NAME = AppIcon;
				INFOPLIST_FILE = PacketCT/Info.plist;
				LD_RUNPATH_SEARCH_PATHS = "$(inherited) @executable_path/Frameworks";
				PRODUCT_BUNDLE_IDENTIFIER = ios.PacketCT;
				PRODUCT_NAME = "$(TARGET_NAME)";
			};
			name = Debug;
		};
		7987B1421D3333BF00DD3760 /* Release */ = {
			isa = XCBuildConfiguration;
			buildSettings = {
				ASSETCATALOG_COMPILER_APPICON_NAME = AppIcon;
				INFOPLIST_FILE = PacketCT/Info.plist;
				LD_RUNPATH_SEARCH_PATHS = "$(inherited) @executable_path/Frameworks";
				PRODUCT_BUNDLE_IDENTIFIER = ios.PacketCT;
				PRODUCT_NAME = "$(TARGET_NAME)";
			};
			name = Release;
		};
		7987B1441D3333BF00DD3760 /* Debug */ = {
			isa = XCBuildConfiguration;
			buildSettings = {
				BUNDLE_LOADER = "$(TEST_HOST)";
				INFOPLIST_FILE = PacketCTTests/Info.plist;
				LD_RUNPATH_SEARCH_PATHS = "$(inherited) @executable_path/Frameworks @loader_path/Frameworks";
				PRODUCT_BUNDLE_IDENTIFIER = ios.PacketCTTests;
				PRODUCT_NAME = "$(TARGET_NAME)";
				TEST_HOST = "$(BUILT_PRODUCTS_DIR)/PacketCT.app/PacketCT";
			};
			name = Debug;
		};
		7987B1451D3333BF00DD3760 /* Release */ = {
			isa = XCBuildConfiguration;
			buildSettings = {
				BUNDLE_LOADER = "$(TEST_HOST)";
				INFOPLIST_FILE = PacketCTTests/Info.plist;
				LD_RUNPATH_SEARCH_PATHS = "$(inherited) @executable_path/Frameworks @loader_path/Frameworks";
				PRODUCT_BUNDLE_IDENTIFIER = ios.PacketCTTests;
				PRODUCT_NAME = "$(TARGET_NAME)";
				TEST_HOST = "$(BUILT_PRODUCTS_DIR)/PacketCT.app/PacketCT";
			};
			name = Release;
		};
		7987B1471D3333BF00DD3760 /* Debug */ = {
			isa = XCBuildConfiguration;
			buildSettings = {
				INFOPLIST_FILE = PacketCTUITests/Info.plist;
				LD_RUNPATH_SEARCH_PATHS = "$(inherited) @executable_path/Frameworks @loader_path/Frameworks";
				PRODUCT_BUNDLE_IDENTIFIER = ios.PacketCTUITests;
				PRODUCT_NAME = "$(TARGET_NAME)";
				TEST_TARGET_NAME = PacketCT;
				USES_XCTRUNNER = YES;
			};
			name = Debug;
		};
		7987B1481D3333BF00DD3760 /* Release */ = {
			isa = XCBuildConfiguration;
			buildSettings = {
				INFOPLIST_FILE = PacketCTUITests/Info.plist;
				LD_RUNPATH_SEARCH_PATHS = "$(inherited) @executable_path/Frameworks @loader_path/Frameworks";
				PRODUCT_BUNDLE_IDENTIFIER = ios.PacketCTUITests;
				PRODUCT_NAME = "$(TARGET_NAME)";
				TEST_TARGET_NAME = PacketCT;
				USES_XCTRUNNER = YES;
			};
			name = Release;
		};
/* End XCBuildConfiguration section */

/* Begin XCConfigurationList section */
		7987B10E1D3333BE00DD3760 /* Build configuration list for PBXProject "PacketCT" */ = {
			isa = XCConfigurationList;
			buildConfigurations = (
				7987B13E1D3333BF00DD3760 /* Debug */,
				7987B13F1D3333BF00DD3760 /* Release */,
			);
			defaultConfigurationIsVisible = 0;
			defaultConfigurationName = Release;
		};
		7987B1401D3333BF00DD3760 /* Build configuration list for PBXNativeTarget "PacketCT" */ = {
			isa = XCConfigurationList;
			buildConfigurations = (
				7987B1411D3333BF00DD3760 /* Debug */,
				7987B1421D3333BF00DD3760 /* Release */,
			);
			defaultConfigurationIsVisible = 0;
		};
		7987B1431D3333BF00DD3760 /* Build configuration list for PBXNativeTarget "PacketCTTests" */ = {
			isa = XCConfigurationList;
			buildConfigurations = (
				7987B1441D3333BF00DD3760 /* Debug */,
				7987B1451D3333BF00DD3760 /* Release */,
			);
			defaultConfigurationIsVisible = 0;
		};
		7987B1461D3333BF00DD3760 /* Build configuration list for PBXNativeTarget "PacketCTUITests" */ = {
			isa = XCConfigurationList;
			buildConfigurations = (
				7987B1471D3333BF00DD3760 /* Debug */,
				7987B1481D3333BF00DD3760 /* Release */,
			);
			defaultConfigurationIsVisible = 0;
		};
/* End XCConfigurationList section */
	};
	rootObject = 7987B10B1D3333BE00DD3760 /* Project object */;
}
